{
  "version": "4",
  "specifiers": {
    "jsr:@david/code-block-writer@^13.0.2": "13.0.3",
    "jsr:@deno/cache-dir@~0.10.3": "0.10.3",
    "jsr:@deno/dnt@~0.41.3": "0.41.3",
    "jsr:@deno/graph@~0.73.1": "0.73.1",
    "jsr:@std/assert@*": "1.0.11",
    "jsr:@std/assert@0.223": "0.223.0",
    "jsr:@std/assert@0.226": "0.226.0",
    "jsr:@std/assert@^1.0.10": "1.0.11",
    "jsr:@std/bytes@0.223": "0.223.0",
    "jsr:@std/fmt@0.223": "0.223.0",
    "jsr:@std/fmt@1": "1.0.3",
    "jsr:@std/fs@0.223": "0.223.0",
    "jsr:@std/fs@1": "1.0.9",
    "jsr:@std/fs@~0.229.3": "0.229.3",
    "jsr:@std/internal@^1.0.5": "1.0.5",
    "jsr:@std/io@0.223": "0.223.0",
    "jsr:@std/path@0.223": "0.223.0",
    "jsr:@std/path@1": "1.0.8",
    "jsr:@std/path@1.0.0-rc.1": "1.0.0-rc.1",
    "jsr:@std/path@^1.0.8": "1.0.8",
    "jsr:@std/path@~0.225.2": "0.225.2",
    "jsr:@std/testing@*": "1.0.9",
    "jsr:@ts-morph/bootstrap@0.24": "0.24.0",
    "jsr:@ts-morph/common@0.24": "0.24.0",
    "npm:antd@^5.24.2": "5.24.6_react@19.1.0_react-dom@19.1.0__react@19.1.0_dayjs@1.11.13",
    "npm:file-saver@^2.0.5": "2.0.5",
    "npm:uuid@^11.1.0": "11.1.0"
  },
  "jsr": {
    "@david/code-block-writer@13.0.3": {
      "integrity": "f98c77d320f5957899a61bfb7a9bead7c6d83ad1515daee92dbacc861e13bb7f"
    },
    "@deno/cache-dir@0.10.3": {
      "integrity": "eb022f84ecc49c91d9d98131c6e6b118ff63a29e343624d058646b9d50404776",
      "dependencies": [
        "jsr:@deno/graph",
        "jsr:@std/fmt@0.223",
        "jsr:@std/fs@0.223",
        "jsr:@std/io",
        "jsr:@std/path@0.223"
      ]
    },
    "@deno/dnt@0.41.3": {
      "integrity": "b2ef2c8a5111eef86cb5bfcae103d6a2938e8e649e2461634a7befb7fc59d6d2",
      "dependencies": [
        "jsr:@david/code-block-writer",
        "jsr:@deno/cache-dir",
        "jsr:@std/fmt@1",
        "jsr:@std/fs@1",
        "jsr:@std/path@1",
        "jsr:@ts-morph/bootstrap"
      ]
    },
    "@deno/graph@0.73.1": {
      "integrity": "cd69639d2709d479037d5ce191a422eabe8d71bb68b0098344f6b07411c84d41"
    },
    "@std/assert@0.223.0": {
      "integrity": "eb8d6d879d76e1cc431205bd346ed4d88dc051c6366365b1af47034b0670be24"
    },
    "@std/assert@0.226.0": {
      "integrity": "0dfb5f7c7723c18cec118e080fec76ce15b4c31154b15ad2bd74822603ef75b3"
    },
    "@std/assert@1.0.8": {
      "integrity": "ebe0bd7eb488ee39686f77003992f389a06c3da1bbd8022184804852b2fa641b",
      "dependencies": [
        "jsr:@std/internal"
      ]
    },
    "@std/assert@1.0.11": {
      "integrity": "2461ef3c368fe88bc60e186e7744a93112f16fd110022e113a0849e94d1c83c1",
      "dependencies": [
        "jsr:@std/internal"
      ]
    },
    "@std/bytes@0.223.0": {
      "integrity": "84b75052cd8680942c397c2631318772b295019098f40aac5c36cead4cba51a8"
    },
    "@std/fmt@0.223.0": {
      "integrity": "6deb37794127dfc7d7bded2586b9fc6f5d50e62a8134846608baf71ffc1a5208"
    },
    "@std/fmt@1.0.3": {
      "integrity": "97765c16aa32245ff4e2204ecf7d8562496a3cb8592340a80e7e554e0bb9149f"
    },
    "@std/fs@0.223.0": {
      "integrity": "3b4b0550b2c524cbaaa5a9170c90e96cbb7354e837ad1bdaf15fc9df1ae9c31c"
    },
    "@std/fs@0.229.3": {
      "integrity": "783bca21f24da92e04c3893c9e79653227ab016c48e96b3078377ebd5222e6eb",
      "dependencies": [
        "jsr:@std/path@1.0.0-rc.1"
      ]
    },
    "@std/fs@1.0.9": {
      "integrity": "3eef7e3ed3d317b29432c7dcb3b20122820dbc574263f721cb0248ad91bad890",
      "dependencies": [
        "jsr:@std/path@^1.0.8"
      ]
    },
    "@std/internal@1.0.5": {
      "integrity": "54a546004f769c1ac9e025abd15a76b6671ddc9687e2313b67376125650dc7ba"
    },
    "@std/io@0.223.0": {
      "integrity": "2d8c3c2ab3a515619b90da2c6ff5ea7b75a94383259ef4d02116b228393f84f1",
      "dependencies": [
        "jsr:@std/assert@0.223",
        "jsr:@std/bytes"
      ]
    },
    "@std/path@0.223.0": {
      "integrity": "593963402d7e6597f5a6e620931661053572c982fc014000459edc1f93cc3989",
      "dependencies": [
        "jsr:@std/assert@0.223"
      ]
    },
    "@std/path@0.225.2": {
      "integrity": "0f2db41d36b50ef048dcb0399aac720a5348638dd3cb5bf80685bf2a745aa506",
      "dependencies": [
        "jsr:@std/assert@0.226"
      ]
    },
    "@std/path@1.0.0-rc.1": {
      "integrity": "b8c00ae2f19106a6bb7cbf1ab9be52aa70de1605daeb2dbdc4f87a7cbaf10ff6"
    },
    "@std/path@1.0.8": {
      "integrity": "548fa456bb6a04d3c1a1e7477986b6cffbce95102d0bb447c67c4ee70e0364be"
    },
    "@std/testing@1.0.9": {
      "integrity": "9bdd4ac07cb13e7594ac30e90f6ceef7254ac83a9aeaa089be0008f33aab5cd4",
      "dependencies": [
        "jsr:@std/assert@^1.0.10",
        "jsr:@std/internal"
      ]
    },
    "@ts-morph/bootstrap@0.24.0": {
      "integrity": "a826a2ef7fa8a7c3f1042df2c034d20744d94da2ee32bf29275bcd4dffd3c060",
      "dependencies": [
        "jsr:@ts-morph/common"
      ]
    },
    "@ts-morph/common@0.24.0": {
      "integrity": "12b625b8e562446ba658cdbe9ad77774b4bd96b992ae8bd34c60dbf24d06c1f3",
      "dependencies": [
        "jsr:@std/fs@~0.229.3",
        "jsr:@std/path@~0.225.2"
      ]
    }
  },
  "npm": {
    "@ant-design/colors@7.2.0": {
      "integrity": "sha512-bjTObSnZ9C/O8MB/B4OUtd/q9COomuJAR2SYfhxLyHvCKn4EKwCN3e+fWGMo7H5InAyV0wL17jdE9ALrdOW/6A==",
      "dependencies": [
        "@ant-design/fast-color"
      ]
    },
    "@ant-design/cssinjs-utils@1.1.3_react@19.1.0_react-dom@19.1.0__react@19.1.0": {
      "integrity": "sha512-nOoQMLW1l+xR1Co8NFVYiP8pZp3VjIIzqV6D6ShYF2ljtdwWJn5WSsH+7kvCktXL/yhEtWURKOfH5Xz/gzlwsg==",
      "dependencies": [
        "@ant-design/cssinjs",
        "@babel/runtime",
        "rc-util",
        "react",
        "react-dom"
      ]
    },
    "@ant-design/cssinjs@1.23.0_react@19.1.0_react-dom@19.1.0__react@19.1.0": {
      "integrity": "sha512-7GAg9bD/iC9ikWatU9ym+P9ugJhi/WbsTWzcKN6T4gU0aehsprtke1UAaaSxxkjjmkJb3llet/rbUSLPgwlY4w==",
      "dependencies": [
        "@babel/runtime",
        "@emotion/hash",
        "@emotion/unitless",
        "classnames",
        "csstype",
        "rc-util",
        "react",
        "react-dom",
        "stylis"
      ]
    },
    "@ant-design/fast-color@2.0.6": {
      "integrity": "sha512-y2217gk4NqL35giHl72o6Zzqji9O7vHh9YmhUVkPtAOpoTCH4uWxo/pr4VE8t0+ChEPs0qo4eJRC5Q1eXWo3vA==",
      "dependencies": [
        "@babel/runtime"
      ]
    },
    "@ant-design/icons-svg@4.4.2": {
      "integrity": "sha512-vHbT+zJEVzllwP+CM+ul7reTEfBR0vgxFe7+lREAsAA7YGsYpboiq2sQNeQeRvh09GfQgs/GyFEvZpJ9cLXpXA=="
    },
    "@ant-design/icons@5.6.1_react@19.1.0_react-dom@19.1.0__react@19.1.0": {
      "integrity": "sha512-0/xS39c91WjPAZOWsvi1//zjx6kAp4kxWwctR6kuU6p133w8RU0D2dSCvZC19uQyharg/sAvYxGYWl01BbZZfg==",
      "dependencies": [
        "@ant-design/colors",
        "@ant-design/icons-svg",
        "@babel/runtime",
        "classnames",
        "rc-util",
        "react",
        "react-dom"
      ]
    },
    "@ant-design/react-slick@1.1.2_react@19.1.0": {
      "integrity": "sha512-EzlvzE6xQUBrZuuhSAFTdsr4P2bBBHGZwKFemEfq8gIGyIQCxalYfZW/T2ORbtQx5rU69o+WycP3exY/7T1hGA==",
      "dependencies": [
        "@babel/runtime",
        "classnames",
        "json2mq",
        "react",
        "resize-observer-polyfill",
        "throttle-debounce"
      ]
    },
    "@babel/runtime@7.27.0": {
      "integrity": "sha512-VtPOkrdPHZsKc/clNqyi9WUA8TINkZ4cGk63UUE3u4pmB2k+ZMQRDuIOagv8UVd6j7k0T3+RRIb7beKTebNbcw==",
      "dependencies": [
        "regenerator-runtime"
      ]
    },
    "@emotion/hash@0.8.0": {
      "integrity": "sha512-kBJtf7PH6aWwZ6fka3zQ0p6SBYzx4fl1LoZXE2RrnYST9Xljm7WfKJrU4g/Xr3Beg72MLrp1AWNUmuYJTL7Cow=="
    },
    "@emotion/unitless@0.7.5": {
      "integrity": "sha512-OWORNpfjMsSSUBVrRBVGECkhWcULOAJz9ZW8uK9qgxD+87M7jHRcvh/A96XXNhXTLmKcoYSQtBEX7lHMO7YRwg=="
    },
    "@rc-component/async-validator@5.0.4": {
      "integrity": "sha512-qgGdcVIF604M9EqjNF0hbUTz42bz/RDtxWdWuU5EQe3hi7M8ob54B6B35rOsvX5eSvIHIzT9iH1R3n+hk3CGfg==",
      "dependencies": [
        "@babel/runtime"
      ]
    },
    "@rc-component/color-picker@2.0.1_react@19.1.0_react-dom@19.1.0__react@19.1.0": {
      "integrity": "sha512-WcZYwAThV/b2GISQ8F+7650r5ZZJ043E57aVBFkQ+kSY4C6wdofXgB0hBx+GPGpIU0Z81eETNoDUJMr7oy/P8Q==",
      "dependencies": [
        "@ant-design/fast-color",
        "@babel/runtime",
        "classnames",
        "rc-util",
        "react",
        "react-dom"
      ]
    },
    "@rc-component/context@1.4.0_react@19.1.0_react-dom@19.1.0__react@19.1.0": {
      "integrity": "sha512-kFcNxg9oLRMoL3qki0OMxK+7g5mypjgaaJp/pkOis/6rVxma9nJBF/8kCIuTYHUQNr0ii7MxqE33wirPZLJQ2w==",
      "dependencies": [
        "@babel/runtime",
        "rc-util",
        "react",
        "react-dom"
      ]
    },
    "@rc-component/mini-decimal@1.1.0": {
      "integrity": "sha512-jS4E7T9Li2GuYwI6PyiVXmxTiM6b07rlD9Ge8uGZSCz3WlzcG5ZK7g5bbuKNeZ9pgUuPK/5guV781ujdVpm4HQ==",
      "dependencies": [
        "@babel/runtime"
      ]
    },
    "@rc-component/mutate-observer@1.1.0_react@19.1.0_react-dom@19.1.0__react@19.1.0": {
      "integrity": "sha512-QjrOsDXQusNwGZPf4/qRQasg7UFEj06XiCJ8iuiq/Io7CrHrgVi6Uuetw60WAMG1799v+aM8kyc+1L/GBbHSlw==",
      "dependencies": [
        "@babel/runtime",
        "classnames",
        "rc-util",
        "react",
        "react-dom"
      ]
    },
    "@rc-component/portal@1.1.2_react@19.1.0_react-dom@19.1.0__react@19.1.0": {
      "integrity": "sha512-6f813C0IsasTZms08kfA8kPAGxbbkYToa8ALaiDIGGECU4i9hj8Plgbx0sNJDrey3EtHO30hmdaxtT0138xZcg==",
      "dependencies": [
        "@babel/runtime",
        "classnames",
        "rc-util",
        "react",
        "react-dom"
      ]
    },
    "@rc-component/qrcode@1.0.0_react@19.1.0_react-dom@19.1.0__react@19.1.0": {
      "integrity": "sha512-L+rZ4HXP2sJ1gHMGHjsg9jlYBX/SLN2D6OxP9Zn3qgtpMWtO2vUfxVFwiogHpAIqs54FnALxraUy/BCO1yRIgg==",
      "dependencies": [
        "@babel/runtime",
        "classnames",
        "rc-util",
        "react",
        "react-dom"
      ]
    },
    "@rc-component/tour@1.15.1_react@19.1.0_react-dom@19.1.0__react@19.1.0": {
      "integrity": "sha512-Tr2t7J1DKZUpfJuDZWHxyxWpfmj8EZrqSgyMZ+BCdvKZ6r1UDsfU46M/iWAAFBy961Ssfom2kv5f3UcjIL2CmQ==",
      "dependencies": [
        "@babel/runtime",
        "@rc-component/portal",
        "@rc-component/trigger",
        "classnames",
        "rc-util",
        "react",
        "react-dom"
      ]
    },
    "@rc-component/trigger@2.2.6_react@19.1.0_react-dom@19.1.0__react@19.1.0": {
      "integrity": "sha512-/9zuTnWwhQ3S3WT1T8BubuFTT46kvnXgaERR9f4BTKyn61/wpf/BvbImzYBubzJibU707FxwbKszLlHjcLiv1Q==",
      "dependencies": [
        "@babel/runtime",
        "@rc-component/portal",
        "classnames",
        "rc-motion",
        "rc-resize-observer",
        "rc-util",
        "react",
        "react-dom"
      ]
    },
    "antd@5.24.6_react@19.1.0_react-dom@19.1.0__react@19.1.0_dayjs@1.11.13": {
      "integrity": "sha512-xIlTa/1CTbgkZsdU/dOXkYvJXb9VoiMwsaCzpKFH2zAEY3xqOfwQ57/DdG7lAdrWP7QORtSld4UA6suxzuTHXw==",
      "dependencies": [
        "@ant-design/colors",
        "@ant-design/cssinjs",
        "@ant-design/cssinjs-utils",
        "@ant-design/fast-color",
        "@ant-design/icons",
        "@ant-design/react-slick",
        "@babel/runtime",
        "@rc-component/color-picker",
        "@rc-component/mutate-observer",
        "@rc-component/qrcode",
        "@rc-component/tour",
        "@rc-component/trigger",
        "classnames",
        "copy-to-clipboard",
        "dayjs",
        "rc-cascader",
        "rc-checkbox",
        "rc-collapse",
        "rc-dialog",
        "rc-drawer",
        "rc-dropdown",
        "rc-field-form",
        "rc-image",
        "rc-input",
        "rc-input-number",
        "rc-mentions",
        "rc-menu",
        "rc-motion",
        "rc-notification",
        "rc-pagination",
        "rc-picker",
        "rc-progress",
        "rc-rate",
        "rc-resize-observer",
        "rc-segmented",
        "rc-select",
        "rc-slider",
        "rc-steps",
        "rc-switch",
        "rc-table",
        "rc-tabs",
        "rc-textarea",
        "rc-tooltip",
        "rc-tree",
        "rc-tree-select",
        "rc-upload",
        "rc-util",
        "react",
        "react-dom",
        "scroll-into-view-if-needed",
        "throttle-debounce"
      ]
    },
    "classnames@2.5.1": {
      "integrity": "sha512-saHYOzhIQs6wy2sVxTM6bUDsQO4F50V9RQ22qBpEdCW+I+/Wmke2HOl6lS6dTpdxVhb88/I6+Hs+438c3lfUow=="
    },
    "compute-scroll-into-view@3.1.1": {
      "integrity": "sha512-VRhuHOLoKYOy4UbilLbUzbYg93XLjv2PncJC50EuTWPA3gaja1UjBsUP/D/9/juV3vQFr6XBEzn9KCAHdUvOHw=="
    },
    "copy-to-clipboard@3.3.3": {
      "integrity": "sha512-2KV8NhB5JqC3ky0r9PMCAZKbUHSwtEo4CwCs0KXgruG43gX5PMqDEBbVU4OUzw2MuAWUfsuFmWvEKG5QRfSnJA==",
      "dependencies": [
        "toggle-selection"
      ]
    },
    "csstype@3.1.3": {
      "integrity": "sha512-M1uQkMl8rQK/szD0LNhtqxIPLpimGm8sOBwU7lLnCpSbTyY3yeU1Vc7l4KT5zT4s/yOxHH5O7tIuuLOCnLADRw=="
    },
    "dayjs@1.11.13": {
      "integrity": "sha512-oaMBel6gjolK862uaPQOVTA7q3TZhuSvuMQAAglQDOWYO9A91IrAOUJEyKVlqJlHE0vq5p5UXxzdPfMH/x6xNg=="
    },
    "file-saver@2.0.5": {
      "integrity": "sha512-P9bmyZ3h/PRG+Nzga+rbdI4OEpNDzAVyy74uVO9ATgzLK6VtAsYybF/+TOCvrc0MO793d6+42lLyZTw7/ArVzA=="
    },
    "json2mq@0.2.0": {
      "integrity": "sha512-SzoRg7ux5DWTII9J2qkrZrqV1gt+rTaoufMxEzXbS26Uid0NwaJd123HcoB80TgubEppxxIGdNxCx50fEoEWQA==",
      "dependencies": [
        "string-convert"
      ]
    },
    "rc-cascader@3.33.1_react@19.1.0_react-dom@19.1.0__react@19.1.0": {
      "integrity": "sha512-Kyl4EJ7ZfCBuidmZVieegcbFw0RcU5bHHSbtEdmuLYd0fYHCAiYKZ6zon7fWAVyC6rWWOOib0XKdTSf7ElC9rg==",
      "dependencies": [
        "@babel/runtime",
        "classnames",
        "rc-select",
        "rc-tree",
        "rc-util",
        "react",
        "react-dom"
      ]
    },
    "rc-checkbox@3.5.0_react@19.1.0_react-dom@19.1.0__react@19.1.0": {
      "integrity": "sha512-aOAQc3E98HteIIsSqm6Xk2FPKIER6+5vyEFMZfo73TqM+VVAIqOkHoPjgKLqSNtVLWScoaM7vY2ZrGEheI79yg==",
      "dependencies": [
        "@babel/runtime",
        "classnames",
        "rc-util",
        "react",
        "react-dom"
      ]
    },
    "rc-collapse@3.9.0_react@19.1.0_react-dom@19.1.0__react@19.1.0": {
      "integrity": "sha512-swDdz4QZ4dFTo4RAUMLL50qP0EY62N2kvmk2We5xYdRwcRn8WcYtuetCJpwpaCbUfUt5+huLpVxhvmnK+PHrkA==",
      "dependencies": [
        "@babel/runtime",
        "classnames",
        "rc-motion",
        "rc-util",
        "react",
        "react-dom"
      ]
    },
    "rc-dialog@9.6.0_react@19.1.0_react-dom@19.1.0__react@19.1.0": {
      "integrity": "sha512-ApoVi9Z8PaCQg6FsUzS8yvBEQy0ZL2PkuvAgrmohPkN3okps5WZ5WQWPc1RNuiOKaAYv8B97ACdsFU5LizzCqg==",
      "dependencies": [
        "@babel/runtime",
        "@rc-component/portal",
        "classnames",
        "rc-motion",
        "rc-util",
        "react",
        "react-dom"
      ]
    },
    "rc-drawer@7.2.0_react@19.1.0_react-dom@19.1.0__react@19.1.0": {
      "integrity": "sha512-9lOQ7kBekEJRdEpScHvtmEtXnAsy+NGDXiRWc2ZVC7QXAazNVbeT4EraQKYwCME8BJLa8Bxqxvs5swwyOepRwg==",
      "dependencies": [
        "@babel/runtime",
        "@rc-component/portal",
        "classnames",
        "rc-motion",
        "rc-util",
        "react",
        "react-dom"
      ]
    },
    "rc-dropdown@4.2.1_react@19.1.0_react-dom@19.1.0__react@19.1.0": {
      "integrity": "sha512-YDAlXsPv3I1n42dv1JpdM7wJ+gSUBfeyPK59ZpBD9jQhK9jVuxpjj3NmWQHOBceA1zEPVX84T2wbdb2SD0UjmA==",
      "dependencies": [
        "@babel/runtime",
        "@rc-component/trigger",
        "classnames",
        "rc-util",
        "react",
        "react-dom"
      ]
    },
    "rc-field-form@2.7.0_react@19.1.0_react-dom@19.1.0__react@19.1.0": {
      "integrity": "sha512-hgKsCay2taxzVnBPZl+1n4ZondsV78G++XVsMIJCAoioMjlMQR9YwAp7JZDIECzIu2Z66R+f4SFIRrO2DjDNAA==",
      "dependencies": [
        "@babel/runtime",
        "@rc-component/async-validator",
        "rc-util",
        "react",
        "react-dom"
      ]
    },
    "rc-image@7.11.1_react@19.1.0_react-dom@19.1.0__react@19.1.0": {
      "integrity": "sha512-XuoWx4KUXg7hNy5mRTy1i8c8p3K8boWg6UajbHpDXS5AlRVucNfTi5YxTtPBTBzegxAZpvuLfh3emXFt6ybUdA==",
      "dependencies": [
        "@babel/runtime",
        "@rc-component/portal",
        "classnames",
        "rc-dialog",
        "rc-motion",
        "rc-util",
        "react",
        "react-dom"
      ]
    },
    "rc-input-number@9.4.0_react@19.1.0_react-dom@19.1.0__react@19.1.0": {
      "integrity": "sha512-Tiy4DcXcFXAf9wDhN8aUAyMeCLHJUHA/VA/t7Hj8ZEx5ETvxG7MArDOSE6psbiSCo+vJPm4E3fGN710ITVn6GA==",
      "dependencies": [
        "@babel/runtime",
        "@rc-component/mini-decimal",
        "classnames",
        "rc-input",
        "rc-util",
        "react",
        "react-dom"
      ]
    },
    "rc-input@1.7.3_react@19.1.0_react-dom@19.1.0__react@19.1.0": {
      "integrity": "sha512-A5w4egJq8+4JzlQ55FfQjDnPvOaAbzwC3VLOAdOytyek3TboSOP9qxN+Gifup+shVXfvecBLBbWBpWxmk02SWQ==",
      "dependencies": [
        "@babel/runtime",
        "classnames",
        "rc-util",
        "react",
        "react-dom"
      ]
    },
    "rc-mentions@2.19.1_react@19.1.0_react-dom@19.1.0__react@19.1.0": {
      "integrity": "sha512-KK3bAc/bPFI993J3necmaMXD2reZTzytZdlTvkeBbp50IGH1BDPDvxLdHDUrpQx2b2TGaVJsn+86BvYa03kGqA==",
      "dependencies": [
        "@babel/runtime",
        "@rc-component/trigger",
        "classnames",
        "rc-input",
        "rc-menu",
        "rc-textarea",
        "rc-util",
        "react",
        "react-dom"
      ]
    },
    "rc-menu@9.16.1_react@19.1.0_react-dom@19.1.0__react@19.1.0": {
      "integrity": "sha512-ghHx6/6Dvp+fw8CJhDUHFHDJ84hJE3BXNCzSgLdmNiFErWSOaZNsihDAsKq9ByTALo/xkNIwtDFGIl6r+RPXBg==",
      "dependencies": [
        "@babel/runtime",
        "@rc-component/trigger",
        "classnames",
        "rc-motion",
        "rc-overflow",
        "rc-util",
        "react",
        "react-dom"
      ]
    },
    "rc-motion@2.9.5_react@19.1.0_react-dom@19.1.0__react@19.1.0": {
      "integrity": "sha512-w+XTUrfh7ArbYEd2582uDrEhmBHwK1ZENJiSJVb7uRxdE7qJSYjbO2eksRXmndqyKqKoYPc9ClpPh5242mV1vA==",
      "dependencies": [
        "@babel/runtime",
        "classnames",
        "rc-util",
        "react",
        "react-dom"
      ]
    },
    "rc-notification@5.6.3_react@19.1.0_react-dom@19.1.0__react@19.1.0": {
      "integrity": "sha512-42szwnn8VYQoT6GnjO00i1iwqV9D1TTMvxObWsuLwgl0TsOokzhkYiufdtQBsJMFjJravS1hfDKVMHLKLcPE4g==",
      "dependencies": [
        "@babel/runtime",
        "classnames",
        "rc-motion",
        "rc-util",
        "react",
        "react-dom"
      ]
    },
    "rc-overflow@1.4.1_react@19.1.0_react-dom@19.1.0__react@19.1.0": {
      "integrity": "sha512-3MoPQQPV1uKyOMVNd6SZfONi+f3st0r8PksexIdBTeIYbMX0Jr+k7pHEDvsXtR4BpCv90/Pv2MovVNhktKrwvw==",
      "dependencies": [
        "@babel/runtime",
        "classnames",
        "rc-resize-observer",
        "rc-util",
        "react",
        "react-dom"
      ]
    },
    "rc-pagination@5.1.0_react@19.1.0_react-dom@19.1.0__react@19.1.0": {
      "integrity": "sha512-8416Yip/+eclTFdHXLKTxZvn70duYVGTvUUWbckCCZoIl3jagqke3GLsFrMs0bsQBikiYpZLD9206Ej4SOdOXQ==",
      "dependencies": [
        "@babel/runtime",
        "classnames",
        "rc-util",
        "react",
        "react-dom"
      ]
    },
    "rc-picker@4.11.3_dayjs@1.11.13_react@19.1.0_react-dom@19.1.0__react@19.1.0": {
      "integrity": "sha512-MJ5teb7FlNE0NFHTncxXQ62Y5lytq6sh5nUw0iH8OkHL/TjARSEvSHpr940pWgjGANpjCwyMdvsEV55l5tYNSg==",
      "dependencies": [
        "@babel/runtime",
        "@rc-component/trigger",
        "classnames",
        "dayjs",
        "rc-overflow",
        "rc-resize-observer",
        "rc-util",
        "react",
        "react-dom"
      ]
    },
    "rc-progress@4.0.0_react@19.1.0_react-dom@19.1.0__react@19.1.0": {
      "integrity": "sha512-oofVMMafOCokIUIBnZLNcOZFsABaUw8PPrf1/y0ZBvKZNpOiu5h4AO9vv11Sw0p4Hb3D0yGWuEattcQGtNJ/aw==",
      "dependencies": [
        "@babel/runtime",
        "classnames",
        "rc-util",
        "react",
        "react-dom"
      ]
    },
    "rc-rate@2.13.1_react@19.1.0_react-dom@19.1.0__react@19.1.0": {
      "integrity": "sha512-QUhQ9ivQ8Gy7mtMZPAjLbxBt5y9GRp65VcUyGUMF3N3fhiftivPHdpuDIaWIMOTEprAjZPC08bls1dQB+I1F2Q==",
      "dependencies": [
        "@babel/runtime",
        "classnames",
        "rc-util",
        "react",
        "react-dom"
      ]
    },
    "rc-resize-observer@1.4.3_react@19.1.0_react-dom@19.1.0__react@19.1.0": {
      "integrity": "sha512-YZLjUbyIWox8E9i9C3Tm7ia+W7euPItNWSPX5sCcQTYbnwDb5uNpnLHQCG1f22oZWUhLw4Mv2tFmeWe68CDQRQ==",
      "dependencies": [
        "@babel/runtime",
        "classnames",
        "rc-util",
        "react",
        "react-dom",
        "resize-observer-polyfill"
      ]
    },
    "rc-segmented@2.7.0_react@19.1.0_react-dom@19.1.0__react@19.1.0": {
      "integrity": "sha512-liijAjXz+KnTRVnxxXG2sYDGd6iLL7VpGGdR8gwoxAXy2KglviKCxLWZdjKYJzYzGSUwKDSTdYk8brj54Bn5BA==",
      "dependencies": [
        "@babel/runtime",
        "classnames",
        "rc-motion",
        "rc-util",
        "react",
        "react-dom"
      ]
    },
    "rc-select@14.16.6_react@19.1.0_react-dom@19.1.0__react@19.1.0": {
      "integrity": "sha512-YPMtRPqfZWOm2XGTbx5/YVr1HT0vn//8QS77At0Gjb3Lv+Lbut0IORJPKLWu1hQ3u4GsA0SrDzs7nI8JG7Zmyg==",
      "dependencies": [
        "@babel/runtime",
        "@rc-component/trigger",
        "classnames",
        "rc-motion",
        "rc-overflow",
        "rc-util",
        "rc-virtual-list",
        "react",
        "react-dom"
      ]
    },
    "rc-slider@11.1.8_react@19.1.0_react-dom@19.1.0__react@19.1.0": {
      "integrity": "sha512-2gg/72YFSpKP+Ja5AjC5DPL1YnV8DEITDQrcc1eASrUYjl0esptaBVJBh5nLTXCCp15eD8EuGjwezVGSHhs9tQ==",
      "dependencies": [
        "@babel/runtime",
        "classnames",
        "rc-util",
        "react",
        "react-dom"
      ]
    },
    "rc-steps@6.0.1_react@19.1.0_react-dom@19.1.0__react@19.1.0": {
      "integrity": "sha512-lKHL+Sny0SeHkQKKDJlAjV5oZ8DwCdS2hFhAkIjuQt1/pB81M0cA0ErVFdHq9+jmPmFw1vJB2F5NBzFXLJxV+g==",
      "dependencies": [
        "@babel/runtime",
        "classnames",
        "rc-util",
        "react",
        "react-dom"
      ]
    },
    "rc-switch@4.1.0_react@19.1.0_react-dom@19.1.0__react@19.1.0": {
      "integrity": "sha512-TI8ufP2Az9oEbvyCeVE4+90PDSljGyuwix3fV58p7HV2o4wBnVToEyomJRVyTaZeqNPAp+vqeo4Wnj5u0ZZQBg==",
      "dependencies": [
        "@babel/runtime",
        "classnames",
        "rc-util",
        "react",
        "react-dom"
      ]
    },
    "rc-table@7.50.4_react@19.1.0_react-dom@19.1.0__react@19.1.0": {
      "integrity": "sha512-Y+YuncnQqoS5e7yHvfvlv8BmCvwDYDX/2VixTBEhkMDk9itS9aBINp4nhzXFKiBP/frG4w0pS9d9Rgisl0T1Bw==",
      "dependencies": [
        "@babel/runtime",
        "@rc-component/context",
        "classnames",
        "rc-resize-observer",
        "rc-util",
        "rc-virtual-list",
        "react",
        "react-dom"
      ]
    },
    "rc-tabs@15.5.2_react@19.1.0_react-dom@19.1.0__react@19.1.0": {
      "integrity": "sha512-Hbqf2IV6k/jPgfMjPtIDmPV0D0C9c/fN4B/fYcoh9qqaUzUZQoK0PYzsV3UaV+3UsmyoYt48p74m/HkLhGTw+w==",
      "dependencies": [
        "@babel/runtime",
        "classnames",
        "rc-dropdown",
        "rc-menu",
        "rc-motion",
        "rc-resize-observer",
        "rc-util",
        "react",
        "react-dom"
      ]
    },
    "rc-textarea@1.9.0_react@19.1.0_react-dom@19.1.0__react@19.1.0": {
      "integrity": "sha512-dQW/Bc/MriPBTugj2Kx9PMS5eXCCGn2cxoIaichjbNvOiARlaHdI99j4DTxLl/V8+PIfW06uFy7kjfUIDDKyxQ==",
      "dependencies": [
        "@babel/runtime",
        "classnames",
        "rc-input",
        "rc-resize-observer",
        "rc-util",
        "react",
        "react-dom"
      ]
    },
    "rc-tooltip@6.4.0_react@19.1.0_react-dom@19.1.0__react@19.1.0": {
      "integrity": "sha512-kqyivim5cp8I5RkHmpsp1Nn/Wk+1oeloMv9c7LXNgDxUpGm+RbXJGL+OPvDlcRnx9DBeOe4wyOIl4OKUERyH1g==",
      "dependencies": [
        "@babel/runtime",
        "@rc-component/trigger",
        "classnames",
        "rc-util",
        "react",
        "react-dom"
      ]
    },
    "rc-tree-select@5.27.0_react@19.1.0_react-dom@19.1.0__react@19.1.0": {
      "integrity": "sha512-2qTBTzwIT7LRI1o7zLyrCzmo5tQanmyGbSaGTIf7sYimCklAToVVfpMC6OAldSKolcnjorBYPNSKQqJmN3TCww==",
      "dependencies": [
        "@babel/runtime",
        "classnames",
        "rc-select",
        "rc-tree",
        "rc-util",
        "react",
        "react-dom"
      ]
    },
    "rc-tree@5.13.1_react@19.1.0_react-dom@19.1.0__react@19.1.0": {
      "integrity": "sha512-FNhIefhftobCdUJshO7M8uZTA9F4OPGVXqGfZkkD/5soDeOhwO06T/aKTrg0WD8gRg/pyfq+ql3aMymLHCTC4A==",
      "dependencies": [
        "@babel/runtime",
        "classnames",
        "rc-motion",
        "rc-util",
        "rc-virtual-list",
        "react",
        "react-dom"
      ]
    },
    "rc-upload@4.8.1_react@19.1.0_react-dom@19.1.0__react@19.1.0": {
      "integrity": "sha512-toEAhwl4hjLAI1u8/CgKWt30BR06ulPa4iGQSMvSXoHzO88gPCslxqV/mnn4gJU7PDoltGIC9Eh+wkeudqgHyw==",
      "dependencies": [
        "@babel/runtime",
        "classnames",
        "rc-util",
        "react",
        "react-dom"
      ]
    },
    "rc-util@5.44.4_react@19.1.0_react-dom@19.1.0__react@19.1.0": {
      "integrity": "sha512-resueRJzmHG9Q6rI/DfK6Kdv9/Lfls05vzMs1Sk3M2P+3cJa+MakaZyWY8IPfehVuhPJFKrIY1IK4GqbiaiY5w==",
      "dependencies": [
        "@babel/runtime",
        "react",
        "react-dom",
        "react-is"
      ]
    },
    "rc-virtual-list@3.18.5_react@19.1.0_react-dom@19.1.0__react@19.1.0": {
      "integrity": "sha512-1FuxVSxhzTj3y8k5xMPbhXCB0t2TOiI3Tq+qE2Bu+GGV7f+ECVuQl4OUg6lZ2qT5fordTW7CBpr9czdzXCI7Pg==",
      "dependencies": [
        "@babel/runtime",
        "classnames",
        "rc-resize-observer",
        "rc-util",
        "react",
        "react-dom"
      ]
    },
    "react-dom@19.1.0_react@19.1.0": {
      "integrity": "sha512-Xs1hdnE+DyKgeHJeJznQmYMIBG3TKIHJJT95Q58nHLSrElKlGQqDTR2HQ9fx5CN/Gk6Vh/kupBTDLU11/nDk/g==",
      "dependencies": [
        "react",
        "scheduler"
      ]
    },
    "react-is@18.3.1": {
      "integrity": "sha512-/LLMVyas0ljjAtoYiPqYiL8VWXzUUdThrmU5+n20DZv+a+ClRoevUzw5JxU+Ieh5/c87ytoTBV9G1FiKfNJdmg=="
    },
    "react@19.1.0": {
      "integrity": "sha512-FS+XFBNvn3GTAWq26joslQgWNoFu08F4kl0J4CgdNKADkdSGXQyTCnKteIAJy96Br6YbpEU1LSzV5dYtjMkMDg=="
    },
    "regenerator-runtime@0.14.1": {
      "integrity": "sha512-dYnhHh0nJoMfnkZs6GmmhFknAGRrLznOu5nc9ML+EJxGvrx6H7teuevqVqCuPcPK//3eDrrjQhehXVx9cnkGdw=="
    },
    "resize-observer-polyfill@1.5.1": {
      "integrity": "sha512-LwZrotdHOo12nQuZlHEmtuXdqGoOD0OhaxopaNFxWzInpEgaLWoVuAMbTzixuosCx2nEG58ngzW3vxdWoxIgdg=="
    },
    "scheduler@0.26.0": {
      "integrity": "sha512-NlHwttCI/l5gCPR3D1nNXtWABUmBwvZpEQiD4IXSbIDq8BzLIK/7Ir5gTFSGZDUu37K5cMNp0hFtzO38sC7gWA=="
    },
    "scroll-into-view-if-needed@3.1.0": {
      "integrity": "sha512-49oNpRjWRvnU8NyGVmUaYG4jtTkNonFZI86MmGRDqBphEK2EXT9gdEUoQPZhuBM8yWHxCWbobltqYO5M4XrUvQ==",
      "dependencies": [
        "compute-scroll-into-view"
      ]
    },
    "string-convert@0.2.1": {
      "integrity": "sha512-u/1tdPl4yQnPBjnVrmdLo9gtuLvELKsAoRapekWggdiQNvvvum+jYF329d84NAa660KQw7pB2n36KrIKVoXa3A=="
    },
    "stylis@4.3.6": {
      "integrity": "sha512-yQ3rwFWRfwNUY7H5vpU0wfdkNSnvnJinhF9830Swlaxl03zsOjCfmX0ugac+3LtK0lYSgwL/KXc8oYL3mG4YFQ=="
    },
    "throttle-debounce@5.0.2": {
      "integrity": "sha512-B71/4oyj61iNH0KeCamLuE2rmKuTO5byTOSVwECM5FA7TiAiAW+UqTKZ9ERueC4qvgSttUhdmq1mXC3kJqGX7A=="
    },
    "toggle-selection@1.0.6": {
      "integrity": "sha512-BiZS+C1OS8g/q2RRbJmy59xpyghNBqrr6k5L/uKBGRsTfxmu3ffiRnd8mlGPUVayg8pvfi5urfnu8TU7DVOkLQ=="
    },
    "uuid@11.1.0": {
      "integrity": "sha512-0/A9rDy9P7cJ+8w1c9WD9V//9Wj15Ce2MPz8Ri6032usz+NfePxx5AcN3bN+r6ZL6jEo066/yNYB3tn4pQEx+A=="
    }
  },
  "redirects": {
    "https://deno.land/std/assert/assert_equals.ts": "https://deno.land/std@0.224.0/assert/assert_equals.ts",
    "https://deno.land/std/testing/asserts.ts": "https://deno.land/std@0.224.0/testing/asserts.ts",
    "https://deno.land/std/testing/bdd.ts": "https://deno.land/std@0.224.0/testing/bdd.ts",
    "https://deno.land/std/testing/mock.ts": "https://deno.land/std@0.224.0/testing/mock.ts"
  },
  "remote": {
    "https://deno.land/std@0.217.0/assert/_constants.ts": "a271e8ef5a573f1df8e822a6eb9d09df064ad66a4390f21b3e31f820a38e0975",
    "https://deno.land/std@0.217.0/assert/_diff.ts": "dcc63d94ca289aec80644030cf88ccbf7acaa6fbd7b0f22add93616b36593840",
    "https://deno.land/std@0.217.0/assert/_format.ts": "0ba808961bf678437fb486b56405b6fefad2cf87b5809667c781ddee8c32aff4",
    "https://deno.land/std@0.217.0/assert/assert.ts": "bec068b2fccdd434c138a555b19a2c2393b71dfaada02b7d568a01541e67cdc5",
    "https://deno.land/std@0.217.0/assert/assert_almost_equals.ts": "8b96b7385cc117668b0720115eb6ee73d04c9bcb2f5d2344d674918c9113688f",
    "https://deno.land/std@0.217.0/assert/assert_array_includes.ts": "1688d76317fd45b7e93ef9e2765f112fdf2b7c9821016cdfb380b9445374aed1",
    "https://deno.land/std@0.217.0/assert/assert_equals.ts": "4497c56fe7d2993b0d447926702802fc0becb44e319079e8eca39b482ee01b4e",
    "https://deno.land/std@0.217.0/assert/assert_exists.ts": "24a7bf965e634f909242cd09fbaf38bde6b791128ece08e33ab08586a7cc55c9",
    "https://deno.land/std@0.217.0/assert/assert_false.ts": "6f382568e5128c0f855e5f7dbda8624c1ed9af4fcc33ef4a9afeeedcdce99769",
    "https://deno.land/std@0.217.0/assert/assert_greater.ts": "4945cf5729f1a38874d7e589e0fe5cc5cd5abe5573ca2ddca9d3791aa891856c",
    "https://deno.land/std@0.217.0/assert/assert_greater_or_equal.ts": "573ed8823283b8d94b7443eb69a849a3c369a8eb9666b2d1db50c33763a5d219",
    "https://deno.land/std@0.217.0/assert/assert_instance_of.ts": "72dc1faff1e248692d873c89382fa1579dd7b53b56d52f37f9874a75b11ba444",
    "https://deno.land/std@0.217.0/assert/assert_is_error.ts": "6596f2b5ba89ba2fe9b074f75e9318cda97a2381e59d476812e30077fbdb6ed2",
    "https://deno.land/std@0.217.0/assert/assert_less.ts": "2b4b3fe7910f65f7be52212f19c3977ecb8ba5b2d6d0a296c83cde42920bb005",
    "https://deno.land/std@0.217.0/assert/assert_less_or_equal.ts": "b93d212fe669fbde959e35b3437ac9a4468f2e6b77377e7b6ea2cfdd825d38a0",
    "https://deno.land/std@0.217.0/assert/assert_match.ts": "ec2d9680ed3e7b9746ec57ec923a17eef6d476202f339ad91d22277d7f1d16e1",
    "https://deno.land/std@0.217.0/assert/assert_not_equals.ts": "ac86413ab70ffb14fdfc41740ba579a983fe355ba0ce4a9ab685e6b8e7f6a250",
    "https://deno.land/std@0.217.0/assert/assert_not_instance_of.ts": "8f720d92d83775c40b2542a8d76c60c2d4aeddaf8713c8d11df8984af2604931",
    "https://deno.land/std@0.217.0/assert/assert_not_match.ts": "b4b7c77f146963e2b673c1ce4846473703409eb93f5ab0eb60f6e6f8aeffe39f",
    "https://deno.land/std@0.217.0/assert/assert_not_strict_equals.ts": "da0b8ab60a45d5a9371088378e5313f624799470c3b54c76e8b8abeec40a77be",
    "https://deno.land/std@0.217.0/assert/assert_object_match.ts": "e85e5eef62a56ce364c3afdd27978ccab979288a3e772e6855c270a7b118fa49",
    "https://deno.land/std@0.217.0/assert/assert_rejects.ts": "e9e0c8d9c3e164c7ac962c37b3be50577c5a2010db107ed272c4c1afb1269f54",
    "https://deno.land/std@0.217.0/assert/assert_strict_equals.ts": "0425a98f70badccb151644c902384c12771a93e65f8ff610244b8147b03a2366",
    "https://deno.land/std@0.217.0/assert/assert_string_includes.ts": "dfb072a890167146f8e5bdd6fde887ce4657098e9f71f12716ef37f35fb6f4a7",
    "https://deno.land/std@0.217.0/assert/assert_throws.ts": "edddd86b39606c342164b49ad88dd39a26e72a26655e07545d172f164b617fa7",
    "https://deno.land/std@0.217.0/assert/assertion_error.ts": "9f689a101ee586c4ce92f52fa7ddd362e86434ffdf1f848e45987dc7689976b8",
    "https://deno.land/std@0.217.0/assert/equal.ts": "fae5e8a52a11d3ac694bbe1a53e13a7969e3f60791262312e91a3e741ae519e2",
    "https://deno.land/std@0.217.0/assert/fail.ts": "f310e51992bac8e54f5fd8e44d098638434b2edb802383690e0d7a9be1979f1c",
    "https://deno.land/std@0.217.0/assert/mod.ts": "325df8c0683ad83a873b9691aa66b812d6275fc9fec0b2d180ac68a2c5efed3b",
    "https://deno.land/std@0.217.0/assert/unimplemented.ts": "47ca67d1c6dc53abd0bd729b71a31e0825fc452dbcd4fde4ca06789d5644e7fd",
    "https://deno.land/std@0.217.0/assert/unreachable.ts": "38cfecb95d8b06906022d2f9474794fca4161a994f83354fd079cac9032b5145",
    "https://deno.land/std@0.217.0/fmt/colors.ts": "d239d84620b921ea520125d778947881f62c50e78deef2657073840b8af9559a",
    "https://deno.land/std@0.224.0/assert/_constants.ts": "a271e8ef5a573f1df8e822a6eb9d09df064ad66a4390f21b3e31f820a38e0975",
    "https://deno.land/std@0.224.0/assert/assert.ts": "09d30564c09de846855b7b071e62b5974b001bb72a4b797958fe0660e7849834",
    "https://deno.land/std@0.224.0/assert/assert_almost_equals.ts": "9e416114322012c9a21fa68e187637ce2d7df25bcbdbfd957cd639e65d3cf293",
    "https://deno.land/std@0.224.0/assert/assert_array_includes.ts": "14c5094471bc8e4a7895fc6aa5a184300d8a1879606574cb1cd715ef36a4a3c7",
    "https://deno.land/std@0.224.0/assert/assert_equals.ts": "3bbca947d85b9d374a108687b1a8ba3785a7850436b5a8930d81f34a32cb8c74",
    "https://deno.land/std@0.224.0/assert/assert_exists.ts": "43420cf7f956748ae6ed1230646567b3593cb7a36c5a5327269279c870c5ddfd",
    "https://deno.land/std@0.224.0/assert/assert_false.ts": "3e9be8e33275db00d952e9acb0cd29481a44fa0a4af6d37239ff58d79e8edeff",
    "https://deno.land/std@0.224.0/assert/assert_greater.ts": "5e57b201fd51b64ced36c828e3dfd773412c1a6120c1a5a99066c9b261974e46",
    "https://deno.land/std@0.224.0/assert/assert_greater_or_equal.ts": "9870030f997a08361b6f63400273c2fb1856f5db86c0c3852aab2a002e425c5b",
    "https://deno.land/std@0.224.0/assert/assert_instance_of.ts": "e22343c1fdcacfaea8f37784ad782683ec1cf599ae9b1b618954e9c22f376f2c",
    "https://deno.land/std@0.224.0/assert/assert_is_error.ts": "f856b3bc978a7aa6a601f3fec6603491ab6255118afa6baa84b04426dd3cc491",
    "https://deno.land/std@0.224.0/assert/assert_less.ts": "60b61e13a1982865a72726a5fa86c24fad7eb27c3c08b13883fb68882b307f68",
    "https://deno.land/std@0.224.0/assert/assert_less_or_equal.ts": "d2c84e17faba4afe085e6c9123a63395accf4f9e00150db899c46e67420e0ec3",
    "https://deno.land/std@0.224.0/assert/assert_match.ts": "ace1710dd3b2811c391946954234b5da910c5665aed817943d086d4d4871a8b7",
    "https://deno.land/std@0.224.0/assert/assert_not_equals.ts": "78d45dd46133d76ce624b2c6c09392f6110f0df9b73f911d20208a68dee2ef29",
    "https://deno.land/std@0.224.0/assert/assert_not_instance_of.ts": "3434a669b4d20cdcc5359779301a0588f941ffdc2ad68803c31eabdb4890cf7a",
    "https://deno.land/std@0.224.0/assert/assert_not_match.ts": "df30417240aa2d35b1ea44df7e541991348a063d9ee823430e0b58079a72242a",
    "https://deno.land/std@0.224.0/assert/assert_not_strict_equals.ts": "37f73880bd672709373d6dc2c5f148691119bed161f3020fff3548a0496f71b8",
    "https://deno.land/std@0.224.0/assert/assert_object_match.ts": "411450fd194fdaabc0089ae68f916b545a49d7b7e6d0026e84a54c9e7eed2693",
    "https://deno.land/std@0.224.0/assert/assert_rejects.ts": "4bee1d6d565a5b623146a14668da8f9eb1f026a4f338bbf92b37e43e0aa53c31",
    "https://deno.land/std@0.224.0/assert/assert_strict_equals.ts": "b4f45f0fd2e54d9029171876bd0b42dd9ed0efd8f853ab92a3f50127acfa54f5",
    "https://deno.land/std@0.224.0/assert/assert_string_includes.ts": "496b9ecad84deab72c8718735373feb6cdaa071eb91a98206f6f3cb4285e71b8",
    "https://deno.land/std@0.224.0/assert/assert_throws.ts": "c6508b2879d465898dab2798009299867e67c570d7d34c90a2d235e4553906eb",
    "https://deno.land/std@0.224.0/assert/assertion_error.ts": "ba8752bd27ebc51f723702fac2f54d3e94447598f54264a6653d6413738a8917",
    "https://deno.land/std@0.224.0/assert/equal.ts": "bddf07bb5fc718e10bb72d5dc2c36c1ce5a8bdd3b647069b6319e07af181ac47",
    "https://deno.land/std@0.224.0/assert/fail.ts": "0eba674ffb47dff083f02ced76d5130460bff1a9a68c6514ebe0cdea4abadb68",
    "https://deno.land/std@0.224.0/assert/mod.ts": "48b8cb8a619ea0b7958ad7ee9376500fe902284bb36f0e32c598c3dc34cbd6f3",
    "https://deno.land/std@0.224.0/assert/unimplemented.ts": "8c55a5793e9147b4f1ef68cd66496b7d5ba7a9e7ca30c6da070c1a58da723d73",
    "https://deno.land/std@0.224.0/assert/unreachable.ts": "5ae3dbf63ef988615b93eb08d395dda771c96546565f9e521ed86f6510c29e19",
    "https://deno.land/std@0.224.0/fmt/colors.ts": "508563c0659dd7198ba4bbf87e97f654af3c34eb56ba790260f252ad8012e1c5",
    "https://deno.land/std@0.224.0/internal/diff.ts": "6234a4b493ebe65dc67a18a0eb97ef683626a1166a1906232ce186ae9f65f4e6",
    "https://deno.land/std@0.224.0/internal/format.ts": "0a98ee226fd3d43450245b1844b47003419d34d210fa989900861c79820d21c2",
    "https://deno.land/std@0.224.0/internal/mod.ts": "534125398c8e7426183e12dc255bb635d94e06d0f93c60a297723abe69d3b22e",
    "https://deno.land/std@0.224.0/testing/_test_suite.ts": "f10a8a6338b60c403f07a76f3f46bdc9f1e1a820c0a1decddeb2949f7a8a0546",
    "https://deno.land/std@0.224.0/testing/asserts.ts": "d0cdbabadc49cc4247a50732ee0df1403fdcd0f95360294ad448ae8c240f3f5c",
    "https://deno.land/std@0.224.0/testing/bdd.ts": "3e4de4ff6d8f348b5574661cef9501b442046a59079e201b849d0e74120d476b",
    "https://deno.land/std@0.224.0/testing/mock.ts": "a963181c2860b6ba3eb60e08b62c164d33cf5da7cd445893499b2efda20074db"
  },
  "workspace": {
    "dependencies": [
      "jsr:@deno/dnt@~0.41.3",
      "npm:antd@^5.24.2",
      "npm:file-saver@^2.0.5",
      "npm:uuid@^11.1.0"
    ]
  }
}
